// !$*UTF8*$!
{
	archiveVersion = 1;
	classes = {
	};
	objectVersion = 50;
	objects = {

/* Begin PBXBuildFile section */
		02FD32CF219C89E90020497E /* jc_02.jpeg in Resources */ = {isa = PBXBuildFile; fileRef = 02FD32BF219C89E70020497E /* jc_02.jpeg */; };
		02FD32D0219C89E90020497E /* jc_03.jpeg in Resources */ = {isa = PBXBuildFile; fileRef = 02FD32C0219C89E70020497E /* jc_03.jpeg */; };
		02FD32D1219C89E90020497E /* jc_06.jpeg in Resources */ = {isa = PBXBuildFile; fileRef = 02FD32C1219C89E70020497E /* jc_06.jpeg */; };
		02FD32D2219C89E90020497E /* jc_12.jpeg in Resources */ = {isa = PBXBuildFile; fileRef = 02FD32C2219C89E70020497E /* jc_12.jpeg */; };
		02FD32D3219C89E90020497E /* jc_15.jpeg in Resources */ = {isa = PBXBuildFile; fileRef = 02FD32C3219C89E70020497E /* jc_15.jpeg */; };
		02FD32D4219C89E90020497E /* jc_01.jpeg in Resources */ = {isa = PBXBuildFile; fileRef = 02FD32C4219C89E80020497E /* jc_01.jpeg */; };
		02FD32D5219C89E90020497E /* jc_11.jpeg in Resources */ = {isa = PBXBuildFile; fileRef = 02FD32C5219C89E80020497E /* jc_11.jpeg */; };
		02FD32D6219C89E90020497E /* jc_00.jpeg in Resources */ = {isa = PBXBuildFile; fileRef = 02FD32C6219C89E80020497E /* jc_00.jpeg */; };
		02FD32D7219C89E90020497E /* jc_09.jpeg in Resources */ = {isa = PBXBuildFile; fileRef = 02FD32C7219C89E80020497E /* jc_09.jpeg */; };
		02FD32D8219C89E90020497E /* jc_08.jpeg in Resources */ = {isa = PBXBuildFile; fileRef = 02FD32C8219C89E80020497E /* jc_08.jpeg */; };
		02FD32D9219C89E90020497E /* jc_14.jpeg in Resources */ = {isa = PBXBuildFile; fileRef = 02FD32C9219C89E80020497E /* jc_14.jpeg */; };
		02FD32DA219C89E90020497E /* jc_05.jpeg in Resources */ = {isa = PBXBuildFile; fileRef = 02FD32CA219C89E80020497E /* jc_05.jpeg */; };
		02FD32DB219C89E90020497E /* jc_10.jpeg in Resources */ = {isa = PBXBuildFile; fileRef = 02FD32CB219C89E80020497E /* jc_10.jpeg */; };
		02FD32DC219C89E90020497E /* jc_13.jpeg in Resources */ = {isa = PBXBuildFile; fileRef = 02FD32CC219C89E90020497E /* jc_13.jpeg */; };
		02FD32DD219C89E90020497E /* jc_07.jpeg in Resources */ = {isa = PBXBuildFile; fileRef = 02FD32CD219C89E90020497E /* jc_07.jpeg */; };
		02FD32DE219C89E90020497E /* jc_04.jpeg in Resources */ = {isa = PBXBuildFile; fileRef = 02FD32CE219C89E90020497E /* jc_04.jpeg */; };
		DA04BCFE20D82EA8003DB2A6 /* InicioViewController.swift in Sources */ = {isa = PBXBuildFile; fileRef = DA04BCFD20D82EA8003DB2A6 /* InicioViewController.swift */; };
		DA04BD0020D83208003DB2A6 /* AtaqueViewController.swift in Sources */ = {isa = PBXBuildFile; fileRef = DA04BCFF20D83208003DB2A6 /* AtaqueViewController.swift */; };
		DA30992C21226B7200AF9FFB /* 1EVV.gif in Resources */ = {isa = PBXBuildFile; fileRef = DA30992521226B6100AF9FFB /* 1EVV.gif */; };
		DA30992D21226B7200AF9FFB /* 1PVO.gif in Resources */ = {isa = PBXBuildFile; fileRef = DA30992621226B6300AF9FFB /* 1PVO.gif */; };
		DA30992E21226B7200AF9FFB /* 1TAU.gif in Resources */ = {isa = PBXBuildFile; fileRef = DA30992721226B6600AF9FFB /* 1TAU.gif */; };
		DA30992F21226B7200AF9FFB /* 1SUU.gif in Resources */ = {isa = PBXBuildFile; fileRef = DA30992821226B6800AF9FFB /* 1SUU.gif */; };
		DA30993021226B7200AF9FFB /* 2O8K.gif in Resources */ = {isa = PBXBuildFile; fileRef = DA30992921226B6B00AF9FFB /* 2O8K.gif */; };
		DA30993121226B7200AF9FFB /* 4Q5S.gif in Resources */ = {isa = PBXBuildFile; fileRef = DA30992A21226B6D00AF9FFB /* 4Q5S.gif */; };
		DA30993221226B7200AF9FFB /* 4V49.gif in Resources */ = {isa = PBXBuildFile; fileRef = DA30992B21226B7000AF9FFB /* 4V49.gif */; };
		DA31B01C20D6E36C00CF4807 /* SecondVideoViewController.swift in Sources */ = {isa = PBXBuildFile; fileRef = DA31B01B20D6E36C00CF4807 /* SecondVideoViewController.swift */; };
		DA31B06020D7529800CF4807 /* FinAppViewController.swift in Sources */ = {isa = PBXBuildFile; fileRef = DA31B05F20D7529800CF4807 /* FinAppViewController.swift */; };
		DA36BB2F2127F75300987795 /* videoRadiacion.mp4 in Resources */ = {isa = PBXBuildFile; fileRef = DA36BB2B2127F75200987795 /* videoRadiacion.mp4 */; };
		DA36BB302127F75300987795 /* videoBacteria.mp4 in Resources */ = {isa = PBXBuildFile; fileRef = DA36BB2C2127F75200987795 /* videoBacteria.mp4 */; };
		DA36BB312127F75300987795 /* videoVirus.mp4 in Resources */ = {isa = PBXBuildFile; fileRef = DA36BB2D2127F75300987795 /* videoVirus.mp4 */; };
		DA36BB322127F75300987795 /* videoMolecula.mp4 in Resources */ = {isa = PBXBuildFile; fileRef = DA36BB2E2127F75300987795 /* videoMolecula.mp4 */; };
		DA96D13720D0C0B400D105CC /* AvatarViewController.swift in Sources */ = {isa = PBXBuildFile; fileRef = DA96D13620D0C0B400D105CC /* AvatarViewController.swift */; };
		DA96D13920D0C0D900D105CC /* MoleculasViewController.swift in Sources */ = {isa = PBXBuildFile; fileRef = DA96D13820D0C0D900D105CC /* MoleculasViewController.swift */; };
		DA96D13B20D0C0FC00D105CC /* FirstVideoViewController.swift in Sources */ = {isa = PBXBuildFile; fileRef = DA96D13A20D0C0FC00D105CC /* FirstVideoViewController.swift */; };
		DA96D13D20D0C11900D105CC /* JuegoReplicacionViewController.swift in Sources */ = {isa = PBXBuildFile; fileRef = DA96D13C20D0C11900D105CC /* JuegoReplicacionViewController.swift */; };
		DA96D13F20D0C14500D105CC /* StorytellingViewController.swift in Sources */ = {isa = PBXBuildFile; fileRef = DA96D13E20D0C14500D105CC /* StorytellingViewController.swift */; };
		DA96D14120D2E24200D105CC /* CelulaAnimalViewController.swift in Sources */ = {isa = PBXBuildFile; fileRef = DA96D14020D2E24200D105CC /* CelulaAnimalViewController.swift */; };
		DA97D6212118A52500619047 /* CrucigramasViewController.swift in Sources */ = {isa = PBXBuildFile; fileRef = DA97D6202118A52500619047 /* CrucigramasViewController.swift */; };
		DA97D6232118A74300619047 /* SopaLetrasViewController.swift in Sources */ = {isa = PBXBuildFile; fileRef = DA97D6222118A74300619047 /* SopaLetrasViewController.swift */; };
		DAA881A8210102F9006B0301 /* JuegoTranscripcionViewController.swift in Sources */ = {isa = PBXBuildFile; fileRef = DAA881A7210102F9006B0301 /* JuegoTranscripcionViewController.swift */; };
		DAA881AA21010322006B0301 /* JuegoTraduccionViewController.swift in Sources */ = {isa = PBXBuildFile; fileRef = DAA881A921010322006B0301 /* JuegoTraduccionViewController.swift */; };
		DAB7361B20C98DA900B8650F /* AppDelegate.swift in Sources */ = {isa = PBXBuildFile; fileRef = DAB7361A20C98DA900B8650F /* AppDelegate.swift */; };
		DAB7361D20C98DA900B8650F /* ViewController.swift in Sources */ = {isa = PBXBuildFile; fileRef = DAB7361C20C98DA900B8650F /* ViewController.swift */; };
		DAB7362020C98DA900B8650F /* Main.storyboard in Resources */ = {isa = PBXBuildFile; fileRef = DAB7361E20C98DA900B8650F /* Main.storyboard */; };
		DAB7362220C98DB700B8650F /* Assets.xcassets in Resources */ = {isa = PBXBuildFile; fileRef = DAB7362120C98DB700B8650F /* Assets.xcassets */; };
		DAB7362520C98DB700B8650F /* LaunchScreen.storyboard in Resources */ = {isa = PBXBuildFile; fileRef = DAB7362320C98DB700B8650F /* LaunchScreen.storyboard */; };
		DAB7363020C98DB800B8650F /* novusTests.swift in Sources */ = {isa = PBXBuildFile; fileRef = DAB7362F20C98DB800B8650F /* novusTests.swift */; };
		DAB7363B20C98DB800B8650F /* novusUITests.swift in Sources */ = {isa = PBXBuildFile; fileRef = DAB7363A20C98DB800B8650F /* novusUITests.swift */; };
		DAD8CE6D211CCD2900098D61 /* UIImage+Gif.swift in Sources */ = {isa = PBXBuildFile; fileRef = DAD8CE6C211CCD2800098D61 /* UIImage+Gif.swift */; };
		FB0CD7C620D314AF0014C6D0 /* CelulaVegetalViewController.swift in Sources */ = {isa = PBXBuildFile; fileRef = FB0CD7C520D314AF0014C6D0 /* CelulaVegetalViewController.swift */; };
		FB0CD7C820D314C90014C6D0 /* CelulaBacterianaViewController.swift in Sources */ = {isa = PBXBuildFile; fileRef = FB0CD7C720D314C90014C6D0 /* CelulaBacterianaViewController.swift */; };
/* End PBXBuildFile section */

/* Begin PBXContainerItemProxy section */
		DAB7362C20C98DB700B8650F /* PBXContainerItemProxy */ = {
			isa = PBXContainerItemProxy;
			containerPortal = DAB7360F20C98DA800B8650F /* Project object */;
			proxyType = 1;
			remoteGlobalIDString = DAB7361620C98DA800B8650F;
			remoteInfo = novus;
		};
		DAB7363720C98DB800B8650F /* PBXContainerItemProxy */ = {
			isa = PBXContainerItemProxy;
			containerPortal = DAB7360F20C98DA800B8650F /* Project object */;
			proxyType = 1;
			remoteGlobalIDString = DAB7361620C98DA800B8650F;
			remoteInfo = novus;
		};
/* End PBXContainerItemProxy section */

/* Begin PBXFileReference section */
		02FD32BF219C89E70020497E /* jc_02.jpeg */ = {isa = PBXFileReference; lastKnownFileType = image.jpeg; name = jc_02.jpeg; path = "novus/New Group/jc_02.jpeg"; sourceTree = SOURCE_ROOT; };
		02FD32C0219C89E70020497E /* jc_03.jpeg */ = {isa = PBXFileReference; lastKnownFileType = image.jpeg; name = jc_03.jpeg; path = "novus/New Group/jc_03.jpeg"; sourceTree = SOURCE_ROOT; };
		02FD32C1219C89E70020497E /* jc_06.jpeg */ = {isa = PBXFileReference; lastKnownFileType = image.jpeg; name = jc_06.jpeg; path = "novus/New Group/jc_06.jpeg"; sourceTree = SOURCE_ROOT; };
		02FD32C2219C89E70020497E /* jc_12.jpeg */ = {isa = PBXFileReference; lastKnownFileType = image.jpeg; name = jc_12.jpeg; path = "novus/New Group/jc_12.jpeg"; sourceTree = SOURCE_ROOT; };
		02FD32C3219C89E70020497E /* jc_15.jpeg */ = {isa = PBXFileReference; lastKnownFileType = image.jpeg; name = jc_15.jpeg; path = "novus/New Group/jc_15.jpeg"; sourceTree = SOURCE_ROOT; };
		02FD32C4219C89E80020497E /* jc_01.jpeg */ = {isa = PBXFileReference; lastKnownFileType = image.jpeg; name = jc_01.jpeg; path = "novus/New Group/jc_01.jpeg"; sourceTree = SOURCE_ROOT; };
		02FD32C5219C89E80020497E /* jc_11.jpeg */ = {isa = PBXFileReference; lastKnownFileType = image.jpeg; name = jc_11.jpeg; path = "novus/New Group/jc_11.jpeg"; sourceTree = SOURCE_ROOT; };
		02FD32C6219C89E80020497E /* jc_00.jpeg */ = {isa = PBXFileReference; lastKnownFileType = image.jpeg; name = jc_00.jpeg; path = "novus/New Group/jc_00.jpeg"; sourceTree = SOURCE_ROOT; };
		02FD32C7219C89E80020497E /* jc_09.jpeg */ = {isa = PBXFileReference; lastKnownFileType = image.jpeg; name = jc_09.jpeg; path = "novus/New Group/jc_09.jpeg"; sourceTree = SOURCE_ROOT; };
		02FD32C8219C89E80020497E /* jc_08.jpeg */ = {isa = PBXFileReference; lastKnownFileType = image.jpeg; name = jc_08.jpeg; path = "novus/New Group/jc_08.jpeg"; sourceTree = SOURCE_ROOT; };
		02FD32C9219C89E80020497E /* jc_14.jpeg */ = {isa = PBXFileReference; lastKnownFileType = image.jpeg; name = jc_14.jpeg; path = "novus/New Group/jc_14.jpeg"; sourceTree = SOURCE_ROOT; };
		02FD32CA219C89E80020497E /* jc_05.jpeg */ = {isa = PBXFileReference; lastKnownFileType = image.jpeg; name = jc_05.jpeg; path = "novus/New Group/jc_05.jpeg"; sourceTree = SOURCE_ROOT; };
		02FD32CB219C89E80020497E /* jc_10.jpeg */ = {isa = PBXFileReference; lastKnownFileType = image.jpeg; name = jc_10.jpeg; path = "novus/New Group/jc_10.jpeg"; sourceTree = SOURCE_ROOT; };
		02FD32CC219C89E90020497E /* jc_13.jpeg */ = {isa = PBXFileReference; lastKnownFileType = image.jpeg; name = jc_13.jpeg; path = "novus/New Group/jc_13.jpeg"; sourceTree = SOURCE_ROOT; };
		02FD32CD219C89E90020497E /* jc_07.jpeg */ = {isa = PBXFileReference; lastKnownFileType = image.jpeg; name = jc_07.jpeg; path = "novus/New Group/jc_07.jpeg"; sourceTree = SOURCE_ROOT; };
		02FD32CE219C89E90020497E /* jc_04.jpeg */ = {isa = PBXFileReference; lastKnownFileType = image.jpeg; name = jc_04.jpeg; path = "novus/New Group/jc_04.jpeg"; sourceTree = SOURCE_ROOT; };
		DA04BCFD20D82EA8003DB2A6 /* InicioViewController.swift */ = {isa = PBXFileReference; lastKnownFileType = sourcecode.swift; path = InicioViewController.swift; sourceTree = "<group>"; };
		DA04BCFF20D83208003DB2A6 /* AtaqueViewController.swift */ = {isa = PBXFileReference; lastKnownFileType = sourcecode.swift; path = AtaqueViewController.swift; sourceTree = "<group>"; };
		DA30992521226B6100AF9FFB /* 1EVV.gif */ = {isa = PBXFileReference; lastKnownFileType = image.gif; name = 1EVV.gif; path = imagenes/1EVV.gif; sourceTree = SOURCE_ROOT; };
		DA30992621226B6300AF9FFB /* 1PVO.gif */ = {isa = PBXFileReference; lastKnownFileType = image.gif; name = 1PVO.gif; path = imagenes/1PVO.gif; sourceTree = SOURCE_ROOT; };
		DA30992721226B6600AF9FFB /* 1TAU.gif */ = {isa = PBXFileReference; lastKnownFileType = image.gif; name = 1TAU.gif; path = imagenes/1TAU.gif; sourceTree = SOURCE_ROOT; };
		DA30992821226B6800AF9FFB /* 1SUU.gif */ = {isa = PBXFileReference; lastKnownFileType = image.gif; name = 1SUU.gif; path = imagenes/1SUU.gif; sourceTree = SOURCE_ROOT; };
		DA30992921226B6B00AF9FFB /* 2O8K.gif */ = {isa = PBXFileReference; lastKnownFileType = image.gif; name = 2O8K.gif; path = imagenes/2O8K.gif; sourceTree = SOURCE_ROOT; };
		DA30992A21226B6D00AF9FFB /* 4Q5S.gif */ = {isa = PBXFileReference; lastKnownFileType = image.gif; name = 4Q5S.gif; path = imagenes/4Q5S.gif; sourceTree = SOURCE_ROOT; };
		DA30992B21226B7000AF9FFB /* 4V49.gif */ = {isa = PBXFileReference; lastKnownFileType = image.gif; name = 4V49.gif; path = imagenes/4V49.gif; sourceTree = SOURCE_ROOT; };
		DA31B01B20D6E36C00CF4807 /* SecondVideoViewController.swift */ = {isa = PBXFileReference; lastKnownFileType = sourcecode.swift; path = SecondVideoViewController.swift; sourceTree = "<group>"; };
		DA31B05F20D7529800CF4807 /* FinAppViewController.swift */ = {isa = PBXFileReference; lastKnownFileType = sourcecode.swift; path = FinAppViewController.swift; sourceTree = "<group>"; };
		DA36BB2B2127F75200987795 /* videoRadiacion.mp4 */ = {isa = PBXFileReference; lastKnownFileType = file; name = videoRadiacion.mp4; path = imagenes/videosVirus/videoRadiacion.mp4; sourceTree = "<group>"; };
		DA36BB2C2127F75200987795 /* videoBacteria.mp4 */ = {isa = PBXFileReference; lastKnownFileType = file; name = videoBacteria.mp4; path = imagenes/videosVirus/videoBacteria.mp4; sourceTree = "<group>"; };
		DA36BB2D2127F75300987795 /* videoVirus.mp4 */ = {isa = PBXFileReference; lastKnownFileType = file; name = videoVirus.mp4; path = imagenes/videosVirus/videoVirus.mp4; sourceTree = "<group>"; };
		DA36BB2E2127F75300987795 /* videoMolecula.mp4 */ = {isa = PBXFileReference; lastKnownFileType = file; name = videoMolecula.mp4; path = imagenes/videosVirus/videoMolecula.mp4; sourceTree = "<group>"; };
		DA96D13620D0C0B400D105CC /* AvatarViewController.swift */ = {isa = PBXFileReference; lastKnownFileType = sourcecode.swift; path = AvatarViewController.swift; sourceTree = "<group>"; };
		DA96D13820D0C0D900D105CC /* MoleculasViewController.swift */ = {isa = PBXFileReference; lastKnownFileType = sourcecode.swift; path = MoleculasViewController.swift; sourceTree = "<group>"; };
		DA96D13A20D0C0FC00D105CC /* FirstVideoViewController.swift */ = {isa = PBXFileReference; lastKnownFileType = sourcecode.swift; path = FirstVideoViewController.swift; sourceTree = "<group>"; };
		DA96D13C20D0C11900D105CC /* JuegoReplicacionViewController.swift */ = {isa = PBXFileReference; lastKnownFileType = sourcecode.swift; path = JuegoReplicacionViewController.swift; sourceTree = "<group>"; };
		DA96D13E20D0C14500D105CC /* StorytellingViewController.swift */ = {isa = PBXFileReference; lastKnownFileType = sourcecode.swift; path = StorytellingViewController.swift; sourceTree = "<group>"; };
		DA96D14020D2E24200D105CC /* CelulaAnimalViewController.swift */ = {isa = PBXFileReference; lastKnownFileType = sourcecode.swift; path = CelulaAnimalViewController.swift; sourceTree = "<group>"; };
		DA97D6202118A52500619047 /* CrucigramasViewController.swift */ = {isa = PBXFileReference; lastKnownFileType = sourcecode.swift; path = CrucigramasViewController.swift; sourceTree = "<group>"; };
		DA97D6222118A74300619047 /* SopaLetrasViewController.swift */ = {isa = PBXFileReference; lastKnownFileType = sourcecode.swift; path = SopaLetrasViewController.swift; sourceTree = "<group>"; };
		DAA881A7210102F9006B0301 /* JuegoTranscripcionViewController.swift */ = {isa = PBXFileReference; lastKnownFileType = sourcecode.swift; path = JuegoTranscripcionViewController.swift; sourceTree = "<group>"; };
		DAA881A921010322006B0301 /* JuegoTraduccionViewController.swift */ = {isa = PBXFileReference; lastKnownFileType = sourcecode.swift; path = JuegoTraduccionViewController.swift; sourceTree = "<group>"; };
		DAB7361720C98DA900B8650F /* novus.app */ = {isa = PBXFileReference; explicitFileType = wrapper.application; includeInIndex = 0; path = novus.app; sourceTree = BUILT_PRODUCTS_DIR; };
		DAB7361A20C98DA900B8650F /* AppDelegate.swift */ = {isa = PBXFileReference; lastKnownFileType = sourcecode.swift; path = AppDelegate.swift; sourceTree = "<group>"; };
		DAB7361C20C98DA900B8650F /* ViewController.swift */ = {isa = PBXFileReference; lastKnownFileType = sourcecode.swift; path = ViewController.swift; sourceTree = "<group>"; };
		DAB7361F20C98DA900B8650F /* Base */ = {isa = PBXFileReference; lastKnownFileType = file.storyboard; name = Base; path = Base.lproj/Main.storyboard; sourceTree = "<group>"; };
		DAB7362120C98DB700B8650F /* Assets.xcassets */ = {isa = PBXFileReference; lastKnownFileType = folder.assetcatalog; path = Assets.xcassets; sourceTree = "<group>"; };
		DAB7362420C98DB700B8650F /* Base */ = {isa = PBXFileReference; lastKnownFileType = file.storyboard; name = Base; path = Base.lproj/LaunchScreen.storyboard; sourceTree = "<group>"; };
		DAB7362620C98DB700B8650F /* Info.plist */ = {isa = PBXFileReference; lastKnownFileType = text.plist.xml; path = Info.plist; sourceTree = "<group>"; };
		DAB7362B20C98DB700B8650F /* novusTests.xctest */ = {isa = PBXFileReference; explicitFileType = wrapper.cfbundle; includeInIndex = 0; path = novusTests.xctest; sourceTree = BUILT_PRODUCTS_DIR; };
		DAB7362F20C98DB800B8650F /* novusTests.swift */ = {isa = PBXFileReference; lastKnownFileType = sourcecode.swift; path = novusTests.swift; sourceTree = "<group>"; };
		DAB7363120C98DB800B8650F /* Info.plist */ = {isa = PBXFileReference; lastKnownFileType = text.plist.xml; path = Info.plist; sourceTree = "<group>"; };
		DAB7363620C98DB800B8650F /* novusUITests.xctest */ = {isa = PBXFileReference; explicitFileType = wrapper.cfbundle; includeInIndex = 0; path = novusUITests.xctest; sourceTree = BUILT_PRODUCTS_DIR; };
		DAB7363A20C98DB800B8650F /* novusUITests.swift */ = {isa = PBXFileReference; lastKnownFileType = sourcecode.swift; path = novusUITests.swift; sourceTree = "<group>"; };
		DAB7363C20C98DB800B8650F /* Info.plist */ = {isa = PBXFileReference; lastKnownFileType = text.plist.xml; path = Info.plist; sourceTree = "<group>"; };
		DAD8CE6C211CCD2800098D61 /* UIImage+Gif.swift */ = {isa = PBXFileReference; fileEncoding = 4; lastKnownFileType = sourcecode.swift; path = "UIImage+Gif.swift"; sourceTree = SOURCE_ROOT; };
		FB0CD7C520D314AF0014C6D0 /* CelulaVegetalViewController.swift */ = {isa = PBXFileReference; lastKnownFileType = sourcecode.swift; path = CelulaVegetalViewController.swift; sourceTree = "<group>"; };
		FB0CD7C720D314C90014C6D0 /* CelulaBacterianaViewController.swift */ = {isa = PBXFileReference; lastKnownFileType = sourcecode.swift; path = CelulaBacterianaViewController.swift; sourceTree = "<group>"; };
/* End PBXFileReference section */

/* Begin PBXFrameworksBuildPhase section */
		DAB7361420C98DA800B8650F /* Frameworks */ = {
			isa = PBXFrameworksBuildPhase;
			buildActionMask = 2147483647;
			files = (
			);
			runOnlyForDeploymentPostprocessing = 0;
		};
		DAB7362820C98DB700B8650F /* Frameworks */ = {
			isa = PBXFrameworksBuildPhase;
			buildActionMask = 2147483647;
			files = (
			);
			runOnlyForDeploymentPostprocessing = 0;
		};
		DAB7363320C98DB800B8650F /* Frameworks */ = {
			isa = PBXFrameworksBuildPhase;
			buildActionMask = 2147483647;
			files = (
			);
			runOnlyForDeploymentPostprocessing = 0;
		};
/* End PBXFrameworksBuildPhase section */

/* Begin PBXGroup section */
		02FD32DF219C89EF0020497E /* imagesGrp */ = {
			isa = PBXGroup;
			children = (
				02FD32C6219C89E80020497E /* jc_00.jpeg */,
				02FD32C4219C89E80020497E /* jc_01.jpeg */,
				02FD32BF219C89E70020497E /* jc_02.jpeg */,
				02FD32C0219C89E70020497E /* jc_03.jpeg */,
				02FD32CE219C89E90020497E /* jc_04.jpeg */,
				02FD32CA219C89E80020497E /* jc_05.jpeg */,
				02FD32C1219C89E70020497E /* jc_06.jpeg */,
				02FD32CD219C89E90020497E /* jc_07.jpeg */,
				02FD32C8219C89E80020497E /* jc_08.jpeg */,
				02FD32C7219C89E80020497E /* jc_09.jpeg */,
				02FD32CB219C89E80020497E /* jc_10.jpeg */,
				02FD32C5219C89E80020497E /* jc_11.jpeg */,
				02FD32C2219C89E70020497E /* jc_12.jpeg */,
				02FD32CC219C89E90020497E /* jc_13.jpeg */,
				02FD32C9219C89E80020497E /* jc_14.jpeg */,
				02FD32C3219C89E70020497E /* jc_15.jpeg */,
			);
			name = imagesGrp;
			path = "New Group";
			sourceTree = "<group>";
		};
		DAB7360E20C98DA800B8650F = {
			isa = PBXGroup;
			children = (
				DA36BB2C2127F75200987795 /* videoBacteria.mp4 */,
				DA36BB2E2127F75300987795 /* videoMolecula.mp4 */,
				DA36BB2B2127F75200987795 /* videoRadiacion.mp4 */,
				DA36BB2D2127F75300987795 /* videoVirus.mp4 */,
				DAB7361920C98DA900B8650F /* novus */,
				DAB7362E20C98DB800B8650F /* novusTests */,
				DAB7363920C98DB800B8650F /* novusUITests */,
				DAB7361820C98DA900B8650F /* Products */,
			);
			sourceTree = "<group>";
		};
		DAB7361820C98DA900B8650F /* Products */ = {
			isa = PBXGroup;
			children = (
				DAB7361720C98DA900B8650F /* novus.app */,
				DAB7362B20C98DB700B8650F /* novusTests.xctest */,
				DAB7363620C98DB800B8650F /* novusUITests.xctest */,
			);
			name = Products;
			sourceTree = "<group>";
		};
		DAB7361920C98DA900B8650F /* novus */ = {
			isa = PBXGroup;
			children = (
				02FD32DF219C89EF0020497E /* imagesGrp */,
				DA30992521226B6100AF9FFB /* 1EVV.gif */,
				DA30992621226B6300AF9FFB /* 1PVO.gif */,
				DA30992821226B6800AF9FFB /* 1SUU.gif */,
				DA30992721226B6600AF9FFB /* 1TAU.gif */,
				DA30992921226B6B00AF9FFB /* 2O8K.gif */,
				DA30992A21226B6D00AF9FFB /* 4Q5S.gif */,
				DA30992B21226B7000AF9FFB /* 4V49.gif */,
				DAD8CE6C211CCD2800098D61 /* UIImage+Gif.swift */,
				DAB7361A20C98DA900B8650F /* AppDelegate.swift */,
				DAB7361C20C98DA900B8650F /* ViewController.swift */,
				DAB7361E20C98DA900B8650F /* Main.storyboard */,
				DA97D6222118A74300619047 /* SopaLetrasViewController.swift */,
				DA97D6202118A52500619047 /* CrucigramasViewController.swift */,
				DAB7362120C98DB700B8650F /* Assets.xcassets */,
				DAB7362320C98DB700B8650F /* LaunchScreen.storyboard */,
				DAB7362620C98DB700B8650F /* Info.plist */,
				DA96D13620D0C0B400D105CC /* AvatarViewController.swift */,
				DA96D13820D0C0D900D105CC /* MoleculasViewController.swift */,
				DA96D13A20D0C0FC00D105CC /* FirstVideoViewController.swift */,
				DA96D13C20D0C11900D105CC /* JuegoReplicacionViewController.swift */,
				DA96D13E20D0C14500D105CC /* StorytellingViewController.swift */,
				DA96D14020D2E24200D105CC /* CelulaAnimalViewController.swift */,
				FB0CD7C520D314AF0014C6D0 /* CelulaVegetalViewController.swift */,
				FB0CD7C720D314C90014C6D0 /* CelulaBacterianaViewController.swift */,
				DA31B01B20D6E36C00CF4807 /* SecondVideoViewController.swift */,
				DA31B05F20D7529800CF4807 /* FinAppViewController.swift */,
				DA04BCFD20D82EA8003DB2A6 /* InicioViewController.swift */,
				DA04BCFF20D83208003DB2A6 /* AtaqueViewController.swift */,
				DAA881A7210102F9006B0301 /* JuegoTranscripcionViewController.swift */,
				DAA881A921010322006B0301 /* JuegoTraduccionViewController.swift */,
			);
			path = novus;
			sourceTree = "<group>";
		};
		DAB7362E20C98DB800B8650F /* novusTests */ = {
			isa = PBXGroup;
			children = (
				DAB7362F20C98DB800B8650F /* novusTests.swift */,
				DAB7363120C98DB800B8650F /* Info.plist */,
			);
			path = novusTests;
			sourceTree = "<group>";
		};
		DAB7363920C98DB800B8650F /* novusUITests */ = {
			isa = PBXGroup;
			children = (
				DAB7363A20C98DB800B8650F /* novusUITests.swift */,
				DAB7363C20C98DB800B8650F /* Info.plist */,
			);
			path = novusUITests;
			sourceTree = "<group>";
		};
/* End PBXGroup section */

/* Begin PBXNativeTarget section */
		DAB7361620C98DA800B8650F /* novus */ = {
			isa = PBXNativeTarget;
			buildConfigurationList = DAB7363F20C98DB800B8650F /* Build configuration list for PBXNativeTarget "novus" */;
			buildPhases = (
				DAB7361320C98DA800B8650F /* Sources */,
				DAB7361420C98DA800B8650F /* Frameworks */,
				DAB7361520C98DA800B8650F /* Resources */,
			);
			buildRules = (
			);
			dependencies = (
			);
			name = novus;
			productName = novus;
			productReference = DAB7361720C98DA900B8650F /* novus.app */;
			productType = "com.apple.product-type.application";
		};
		DAB7362A20C98DB700B8650F /* novusTests */ = {
			isa = PBXNativeTarget;
			buildConfigurationList = DAB7364220C98DB800B8650F /* Build configuration list for PBXNativeTarget "novusTests" */;
			buildPhases = (
				DAB7362720C98DB700B8650F /* Sources */,
				DAB7362820C98DB700B8650F /* Frameworks */,
				DAB7362920C98DB700B8650F /* Resources */,
			);
			buildRules = (
			);
			dependencies = (
				DAB7362D20C98DB700B8650F /* PBXTargetDependency */,
			);
			name = novusTests;
			productName = novusTests;
			productReference = DAB7362B20C98DB700B8650F /* novusTests.xctest */;
			productType = "com.apple.product-type.bundle.unit-test";
		};
		DAB7363520C98DB800B8650F /* novusUITests */ = {
			isa = PBXNativeTarget;
			buildConfigurationList = DAB7364520C98DB800B8650F /* Build configuration list for PBXNativeTarget "novusUITests" */;
			buildPhases = (
				DAB7363220C98DB800B8650F /* Sources */,
				DAB7363320C98DB800B8650F /* Frameworks */,
				DAB7363420C98DB800B8650F /* Resources */,
			);
			buildRules = (
			);
			dependencies = (
				DAB7363820C98DB800B8650F /* PBXTargetDependency */,
			);
			name = novusUITests;
			productName = novusUITests;
			productReference = DAB7363620C98DB800B8650F /* novusUITests.xctest */;
			productType = "com.apple.product-type.bundle.ui-testing";
		};
/* End PBXNativeTarget section */

/* Begin PBXProject section */
		DAB7360F20C98DA800B8650F /* Project object */ = {
			isa = PBXProject;
			attributes = {
				LastSwiftUpdateCheck = 0940;
				LastUpgradeCheck = 0940;
				ORGANIZATIONNAME = "Paola Garzón";
				TargetAttributes = {
					DAB7361620C98DA800B8650F = {
						CreatedOnToolsVersion = 9.4;
					};
					DAB7362A20C98DB700B8650F = {
						CreatedOnToolsVersion = 9.4;
						TestTargetID = DAB7361620C98DA800B8650F;
					};
					DAB7363520C98DB800B8650F = {
						CreatedOnToolsVersion = 9.4;
						TestTargetID = DAB7361620C98DA800B8650F;
					};
				};
			};
			buildConfigurationList = DAB7361220C98DA800B8650F /* Build configuration list for PBXProject "novus" */;
			compatibilityVersion = "Xcode 9.3";
			developmentRegion = en;
			hasScannedForEncodings = 0;
			knownRegions = (
				en,
				Base,
			);
			mainGroup = DAB7360E20C98DA800B8650F;
			productRefGroup = DAB7361820C98DA900B8650F /* Products */;
			projectDirPath = "";
			projectRoot = "";
			targets = (
				DAB7361620C98DA800B8650F /* novus */,
				DAB7362A20C98DB700B8650F /* novusTests */,
				DAB7363520C98DB800B8650F /* novusUITests */,
			);
		};
/* End PBXProject section */

/* Begin PBXResourcesBuildPhase section */
		DAB7361520C98DA800B8650F /* Resources */ = {
			isa = PBXResourcesBuildPhase;
			buildActionMask = 2147483647;
			files = (
				02FD32CF219C89E90020497E /* jc_02.jpeg in Resources */,
				02FD32DB219C89E90020497E /* jc_10.jpeg in Resources */,
				02FD32DA219C89E90020497E /* jc_05.jpeg in Resources */,
				DA36BB2F2127F75300987795 /* videoRadiacion.mp4 in Resources */,
				DA36BB302127F75300987795 /* videoBacteria.mp4 in Resources */,
				DA36BB312127F75300987795 /* videoVirus.mp4 in Resources */,
				DA36BB322127F75300987795 /* videoMolecula.mp4 in Resources */,
				DA30993021226B7200AF9FFB /* 2O8K.gif in Resources */,
				02FD32D6219C89E90020497E /* jc_00.jpeg in Resources */,
				DA30992F21226B7200AF9FFB /* 1SUU.gif in Resources */,
				DAB7362520C98DB700B8650F /* LaunchScreen.storyboard in Resources */,
				02FD32D3219C89E90020497E /* jc_15.jpeg in Resources */,
				02FD32D9219C89E90020497E /* jc_14.jpeg in Resources */,
				02FD32D7219C89E90020497E /* jc_09.jpeg in Resources */,
				DA30993221226B7200AF9FFB /* 4V49.gif in Resources */,
				DAB7362220C98DB700B8650F /* Assets.xcassets in Resources */,
				DA30992C21226B7200AF9FFB /* 1EVV.gif in Resources */,
				DA30993121226B7200AF9FFB /* 4Q5S.gif in Resources */,
				02FD32DC219C89E90020497E /* jc_13.jpeg in Resources */,
				DA30992D21226B7200AF9FFB /* 1PVO.gif in Resources */,
				02FD32DE219C89E90020497E /* jc_04.jpeg in Resources */,
				02FD32D5219C89E90020497E /* jc_11.jpeg in Resources */,
				02FD32D1219C89E90020497E /* jc_06.jpeg in Resources */,
				02FD32D8219C89E90020497E /* jc_08.jpeg in Resources */,
				02FD32D4219C89E90020497E /* jc_01.jpeg in Resources */,
				02FD32D0219C89E90020497E /* jc_03.jpeg in Resources */,
				02FD32D2219C89E90020497E /* jc_12.jpeg in Resources */,
				DAB7362020C98DA900B8650F /* Main.storyboard in Resources */,
				02FD32DD219C89E90020497E /* jc_07.jpeg in Resources */,
				DA30992E21226B7200AF9FFB /* 1TAU.gif in Resources */,
			);
			runOnlyForDeploymentPostprocessing = 0;
		};
		DAB7362920C98DB700B8650F /* Resources */ = {
			isa = PBXResourcesBuildPhase;
			buildActionMask = 2147483647;
			files = (
			);
			runOnlyForDeploymentPostprocessing = 0;
		};
		DAB7363420C98DB800B8650F /* Resources */ = {
			isa = PBXResourcesBuildPhase;
			buildActionMask = 2147483647;
			files = (
			);
			runOnlyForDeploymentPostprocessing = 0;
		};
/* End PBXResourcesBuildPhase section */

/* Begin PBXSourcesBuildPhase section */
		DAB7361320C98DA800B8650F /* Sources */ = {
			isa = PBXSourcesBuildPhase;
			buildActionMask = 2147483647;
			files = (
				DA96D13920D0C0D900D105CC /* MoleculasViewController.swift in Sources */,
				DAA881AA21010322006B0301 /* JuegoTraduccionViewController.swift in Sources */,
				DA96D13F20D0C14500D105CC /* StorytellingViewController.swift in Sources */,
				DA31B01C20D6E36C00CF4807 /* SecondVideoViewController.swift in Sources */,
				DA96D13D20D0C11900D105CC /* JuegoReplicacionViewController.swift in Sources */,
				DA97D6212118A52500619047 /* CrucigramasViewController.swift in Sources */,
				DAB7361D20C98DA900B8650F /* ViewController.swift in Sources */,
				DA97D6232118A74300619047 /* SopaLetrasViewController.swift in Sources */,
				DA31B06020D7529800CF4807 /* FinAppViewController.swift in Sources */,
				DAA881A8210102F9006B0301 /* JuegoTranscripcionViewController.swift in Sources */,
				FB0CD7C620D314AF0014C6D0 /* CelulaVegetalViewController.swift in Sources */,
				DA96D14120D2E24200D105CC /* CelulaAnimalViewController.swift in Sources */,
				DAD8CE6D211CCD2900098D61 /* UIImage+Gif.swift in Sources */,
				DAB7361B20C98DA900B8650F /* AppDelegate.swift in Sources */,
				DA96D13B20D0C0FC00D105CC /* FirstVideoViewController.swift in Sources */,
				FB0CD7C820D314C90014C6D0 /* CelulaBacterianaViewController.swift in Sources */,
				DA04BD0020D83208003DB2A6 /* AtaqueViewController.swift in Sources */,
				DA96D13720D0C0B400D105CC /* AvatarViewController.swift in Sources */,
				DA04BCFE20D82EA8003DB2A6 /* InicioViewController.swift in Sources */,
			);
			runOnlyForDeploymentPostprocessing = 0;
		};
		DAB7362720C98DB700B8650F /* Sources */ = {
			isa = PBXSourcesBuildPhase;
			buildActionMask = 2147483647;
			files = (
				DAB7363020C98DB800B8650F /* novusTests.swift in Sources */,
			);
			runOnlyForDeploymentPostprocessing = 0;
		};
		DAB7363220C98DB800B8650F /* Sources */ = {
			isa = PBXSourcesBuildPhase;
			buildActionMask = 2147483647;
			files = (
				DAB7363B20C98DB800B8650F /* novusUITests.swift in Sources */,
			);
			runOnlyForDeploymentPostprocessing = 0;
		};
/* End PBXSourcesBuildPhase section */

/* Begin PBXTargetDependency section */
		DAB7362D20C98DB700B8650F /* PBXTargetDependency */ = {
			isa = PBXTargetDependency;
			target = DAB7361620C98DA800B8650F /* novus */;
			targetProxy = DAB7362C20C98DB700B8650F /* PBXContainerItemProxy */;
		};
		DAB7363820C98DB800B8650F /* PBXTargetDependency */ = {
			isa = PBXTargetDependency;
			target = DAB7361620C98DA800B8650F /* novus */;
			targetProxy = DAB7363720C98DB800B8650F /* PBXContainerItemProxy */;
		};
/* End PBXTargetDependency section */

/* Begin PBXVariantGroup section */
		DAB7361E20C98DA900B8650F /* Main.storyboard */ = {
			isa = PBXVariantGroup;
			children = (
				DAB7361F20C98DA900B8650F /* Base */,
			);
			name = Main.storyboard;
			sourceTree = "<group>";
		};
		DAB7362320C98DB700B8650F /* LaunchScreen.storyboard */ = {
			isa = PBXVariantGroup;
			children = (
				DAB7362420C98DB700B8650F /* Base */,
			);
			name = LaunchScreen.storyboard;
			sourceTree = "<group>";
		};
/* End PBXVariantGroup section */

/* Begin XCBuildConfiguration section */
		DAB7363D20C98DB800B8650F /* Debug */ = {
			isa = XCBuildConfiguration;
			buildSettings = {
				ALWAYS_SEARCH_USER_PATHS = NO;
				CLANG_ANALYZER_NONNULL = YES;
				CLANG_ANALYZER_NUMBER_OBJECT_CONVERSION = YES_AGGRESSIVE;
				CLANG_CXX_LANGUAGE_STANDARD = "gnu++14";
				CLANG_CXX_LIBRARY = "libc++";
				CLANG_ENABLE_MODULES = YES;
				CLANG_ENABLE_OBJC_ARC = YES;
				CLANG_ENABLE_OBJC_WEAK = YES;
				CLANG_WARN_BLOCK_CAPTURE_AUTORELEASING = YES;
				CLANG_WARN_BOOL_CONVERSION = YES;
				CLANG_WARN_COMMA = YES;
				CLANG_WARN_CONSTANT_CONVERSION = YES;
				CLANG_WARN_DEPRECATED_OBJC_IMPLEMENTATIONS = YES;
				CLANG_WARN_DIRECT_OBJC_ISA_USAGE = YES_ERROR;
				CLANG_WARN_DOCUMENTATION_COMMENTS = YES;
				CLANG_WARN_EMPTY_BODY = YES;
				CLANG_WARN_ENUM_CONVERSION = YES;
				CLANG_WARN_INFINITE_RECURSION = YES;
				CLANG_WARN_INT_CONVERSION = YES;
				CLANG_WARN_NON_LITERAL_NULL_CONVERSION = YES;
				CLANG_WARN_OBJC_IMPLICIT_RETAIN_SELF = YES;
				CLANG_WARN_OBJC_LITERAL_CONVERSION = YES;
				CLANG_WARN_OBJC_ROOT_CLASS = YES_ERROR;
				CLANG_WARN_RANGE_LOOP_ANALYSIS = YES;
				CLANG_WARN_STRICT_PROTOTYPES = YES;
				CLANG_WARN_SUSPICIOUS_MOVE = YES;
				CLANG_WARN_UNGUARDED_AVAILABILITY = YES_AGGRESSIVE;
				CLANG_WARN_UNREACHABLE_CODE = YES;
				CLANG_WARN__DUPLICATE_METHOD_MATCH = YES;
				CODE_SIGN_IDENTITY = "iPhone Developer: novusbio3d@gmail.com (V5QT4G677C)";
				COPY_PHASE_STRIP = NO;
				DEBUG_INFORMATION_FORMAT = dwarf;
				ENABLE_STRICT_OBJC_MSGSEND = YES;
				ENABLE_TESTABILITY = YES;
				GCC_C_LANGUAGE_STANDARD = gnu11;
				GCC_DYNAMIC_NO_PIC = NO;
				GCC_NO_COMMON_BLOCKS = YES;
				GCC_OPTIMIZATION_LEVEL = 0;
				GCC_PREPROCESSOR_DEFINITIONS = (
					"DEBUG=1",
					"$(inherited)",
				);
				GCC_WARN_64_TO_32_BIT_CONVERSION = YES;
				GCC_WARN_ABOUT_RETURN_TYPE = YES_ERROR;
				GCC_WARN_UNDECLARED_SELECTOR = YES;
				GCC_WARN_UNINITIALIZED_AUTOS = YES_AGGRESSIVE;
				GCC_WARN_UNUSED_FUNCTION = YES;
				GCC_WARN_UNUSED_VARIABLE = YES;
				IPHONEOS_DEPLOYMENT_TARGET = 11.4;
				MTL_ENABLE_DEBUG_INFO = YES;
				ONLY_ACTIVE_ARCH = YES;
				SDKROOT = iphoneos;
				SWIFT_ACTIVE_COMPILATION_CONDITIONS = DEBUG;
				SWIFT_OPTIMIZATION_LEVEL = "-Onone";
			};
			name = Debug;
		};
		DAB7363E20C98DB800B8650F /* Release */ = {
			isa = XCBuildConfiguration;
			buildSettings = {
				ALWAYS_SEARCH_USER_PATHS = NO;
				CLANG_ANALYZER_NONNULL = YES;
				CLANG_ANALYZER_NUMBER_OBJECT_CONVERSION = YES_AGGRESSIVE;
				CLANG_CXX_LANGUAGE_STANDARD = "gnu++14";
				CLANG_CXX_LIBRARY = "libc++";
				CLANG_ENABLE_MODULES = YES;
				CLANG_ENABLE_OBJC_ARC = YES;
				CLANG_ENABLE_OBJC_WEAK = YES;
				CLANG_WARN_BLOCK_CAPTURE_AUTORELEASING = YES;
				CLANG_WARN_BOOL_CONVERSION = YES;
				CLANG_WARN_COMMA = YES;
				CLANG_WARN_CONSTANT_CONVERSION = YES;
				CLANG_WARN_DEPRECATED_OBJC_IMPLEMENTATIONS = YES;
				CLANG_WARN_DIRECT_OBJC_ISA_USAGE = YES_ERROR;
				CLANG_WARN_DOCUMENTATION_COMMENTS = YES;
				CLANG_WARN_EMPTY_BODY = YES;
				CLANG_WARN_ENUM_CONVERSION = YES;
				CLANG_WARN_INFINITE_RECURSION = YES;
				CLANG_WARN_INT_CONVERSION = YES;
				CLANG_WARN_NON_LITERAL_NULL_CONVERSION = YES;
				CLANG_WARN_OBJC_IMPLICIT_RETAIN_SELF = YES;
				CLANG_WARN_OBJC_LITERAL_CONVERSION = YES;
				CLANG_WARN_OBJC_ROOT_CLASS = YES_ERROR;
				CLANG_WARN_RANGE_LOOP_ANALYSIS = YES;
				CLANG_WARN_STRICT_PROTOTYPES = YES;
				CLANG_WARN_SUSPICIOUS_MOVE = YES;
				CLANG_WARN_UNGUARDED_AVAILABILITY = YES_AGGRESSIVE;
				CLANG_WARN_UNREACHABLE_CODE = YES;
				CLANG_WARN__DUPLICATE_METHOD_MATCH = YES;
				CODE_SIGN_IDENTITY = "iPhone Developer: novusbio3d@gmail.com (V5QT4G677C)";
				COPY_PHASE_STRIP = NO;
				DEBUG_INFORMATION_FORMAT = "dwarf-with-dsym";
				ENABLE_NS_ASSERTIONS = NO;
				ENABLE_STRICT_OBJC_MSGSEND = YES;
				GCC_C_LANGUAGE_STANDARD = gnu11;
				GCC_NO_COMMON_BLOCKS = YES;
				GCC_WARN_64_TO_32_BIT_CONVERSION = YES;
				GCC_WARN_ABOUT_RETURN_TYPE = YES_ERROR;
				GCC_WARN_UNDECLARED_SELECTOR = YES;
				GCC_WARN_UNINITIALIZED_AUTOS = YES_AGGRESSIVE;
				GCC_WARN_UNUSED_FUNCTION = YES;
				GCC_WARN_UNUSED_VARIABLE = YES;
				IPHONEOS_DEPLOYMENT_TARGET = 11.4;
				MTL_ENABLE_DEBUG_INFO = NO;
				SDKROOT = iphoneos;
				SWIFT_COMPILATION_MODE = wholemodule;
				SWIFT_OPTIMIZATION_LEVEL = "-O";
				VALIDATE_PRODUCT = YES;
			};
			name = Release;
		};
		DAB7364020C98DB800B8650F /* Debug */ = {
			isa = XCBuildConfiguration;
			buildSettings = {
				ASSETCATALOG_COMPILER_APPICON_NAME = AppIcon;
				CODE_SIGN_IDENTITY = "iPhone Developer";
				CODE_SIGN_STYLE = Automatic;
				DEVELOPMENT_TEAM = U33MR58F32;
				INFOPLIST_FILE = novus/Info.plist;
				IPHONEOS_DEPLOYMENT_TARGET = 11.4;
				LD_RUNPATH_SEARCH_PATHS = (
					"$(inherited)",
					"@executable_path/Frameworks",
				);
				PRODUCT_BUNDLE_IDENTIFIER = n.novus;
				PRODUCT_NAME = "$(TARGET_NAME)";
				PROVISIONING_PROFILE_SPECIFIER = "";
				SWIFT_VERSION = 4.0;
				TARGETED_DEVICE_FAMILY = 2;
			};
			name = Debug;
		};
		DAB7364120C98DB800B8650F /* Release */ = {
			isa = XCBuildConfiguration;
			buildSettings = {
				ASSETCATALOG_COMPILER_APPICON_NAME = AppIcon;
				CODE_SIGN_IDENTITY = "iPhone Developer";
				CODE_SIGN_STYLE = Automatic;
				DEVELOPMENT_TEAM = U33MR58F32;
				INFOPLIST_FILE = novus/Info.plist;
				IPHONEOS_DEPLOYMENT_TARGET = 11.4;
				LD_RUNPATH_SEARCH_PATHS = (
					"$(inherited)",
					"@executable_path/Frameworks",
				);
				PRODUCT_BUNDLE_IDENTIFIER = n.novus;
				PRODUCT_NAME = "$(TARGET_NAME)";
				PROVISIONING_PROFILE_SPECIFIER = "";
				SWIFT_VERSION = 4.0;
				TARGETED_DEVICE_FAMILY = 2;
			};
			name = Release;
		};
		DAB7364320C98DB800B8650F /* Debug */ = {
			isa = XCBuildConfiguration;
			buildSettings = {
				ALWAYS_EMBED_SWIFT_STANDARD_LIBRARIES = YES;
				BUNDLE_LOADER = "$(TEST_HOST)";
				CODE_SIGN_STYLE = Automatic;
				INFOPLIST_FILE = novusTests/Info.plist;
				LD_RUNPATH_SEARCH_PATHS = (
					"$(inherited)",
					"@executable_path/Frameworks",
					"@loader_path/Frameworks",
				);
				PRODUCT_BUNDLE_IDENTIFIER = a.novusTests;
				PRODUCT_NAME = "$(TARGET_NAME)";
				SWIFT_VERSION = 4.0;
				TARGETED_DEVICE_FAMILY = "1,2";
				TEST_HOST = "$(BUILT_PRODUCTS_DIR)/novus.app/novus";
			};
			name = Debug;
		};
		DAB7364420C98DB800B8650F /* Release */ = {
			isa = XCBuildConfiguration;
			buildSettings = {
				ALWAYS_EMBED_SWIFT_STANDARD_LIBRARIES = YES;
				BUNDLE_LOADER = "$(TEST_HOST)";
				CODE_SIGN_STYLE = Automatic;
				INFOPLIST_FILE = novusTests/Info.plist;
				LD_RUNPATH_SEARCH_PATHS = (
					"$(inherited)",
					"@executable_path/Frameworks",
					"@loader_path/Frameworks",
				);
				PRODUCT_BUNDLE_IDENTIFIER = a.novusTests;
				PRODUCT_NAME = "$(TARGET_NAME)";
				SWIFT_VERSION = 4.0;
				TARGETED_DEVICE_FAMILY = "1,2";
				TEST_HOST = "$(BUILT_PRODUCTS_DIR)/novus.app/novus";
			};
			name = Release;
		};
		DAB7364620C98DB800B8650F /* Debug */ = {
			isa = XCBuildConfiguration;
			buildSettings = {
				ALWAYS_EMBED_SWIFT_STANDARD_LIBRARIES = YES;
				CODE_SIGN_STYLE = Automatic;
				INFOPLIST_FILE = novusUITests/Info.plist;
				LD_RUNPATH_SEARCH_PATHS = (
					"$(inherited)",
					"@executable_path/Frameworks",
					"@loader_path/Frameworks",
				);
				PRODUCT_BUNDLE_IDENTIFIER = a.novusUITests;
				PRODUCT_NAME = "$(TARGET_NAME)";
				SWIFT_VERSION = 4.0;
				TARGETED_DEVICE_FAMILY = "1,2";
				TEST_TARGET_NAME = novus;
			};
			name = Debug;
		};
		DAB7364720C98DB800B8650F /* Release */ = {
			isa = XCBuildConfiguration;
			buildSettings = {
				ALWAYS_EMBED_SWIFT_STANDARD_LIBRARIES = YES;
				CODE_SIGN_STYLE = Automatic;
				INFOPLIST_FILE = novusUITests/Info.plist;
				LD_RUNPATH_SEARCH_PATHS = (
					"$(inherited)",
					"@executable_path/Frameworks",
					"@loader_path/Frameworks",
				);
				PRODUCT_BUNDLE_IDENTIFIER = a.novusUITests;
				PRODUCT_NAME = "$(TARGET_NAME)";
				SWIFT_VERSION = 4.0;
				TARGETED_DEVICE_FAMILY = "1,2";
				TEST_TARGET_NAME = novus;
			};
			name = Release;
		};
/* End XCBuildConfiguration section */

/* Begin XCConfigurationList section */
		DAB7361220C98DA800B8650F /* Build configuration list for PBXProject "novus" */ = {
			isa = XCConfigurationList;
			buildConfigurations = (
				DAB7363D20C98DB800B8650F /* Debug */,
				DAB7363E20C98DB800B8650F /* Release */,
			);
			defaultConfigurationIsVisible = 0;
			defaultConfigurationName = Release;
		};
		DAB7363F20C98DB800B8650F /* Build configuration list for PBXNativeTarget "novus" */ = {
			isa = XCConfigurationList;
			buildConfigurations = (
				DAB7364020C98DB800B8650F /* Debug */,
				DAB7364120C98DB800B8650F /* Release */,
			);
			defaultConfigurationIsVisible = 0;
			defaultConfigurationName = Release;
		};
		DAB7364220C98DB800B8650F /* Build configuration list for PBXNativeTarget "novusTests" */ = {
			isa = XCConfigurationList;
			buildConfigurations = (
				DAB7364320C98DB800B8650F /* Debug */,
				DAB7364420C98DB800B8650F /* Release */,
			);
			defaultConfigurationIsVisible = 0;
			defaultConfigurationName = Release;
		};
		DAB7364520C98DB800B8650F /* Build configuration list for PBXNativeTarget "novusUITests" */ = {
			isa = XCConfigurationList;
			buildConfigurations = (
				DAB7364620C98DB800B8650F /* Debug */,
				DAB7364720C98DB800B8650F /* Release */,
			);
			defaultConfigurationIsVisible = 0;
			defaultConfigurationName = Release;
		};
/* End XCConfigurationList section */
	};
	rootObject = DAB7360F20C98DA800B8650F /* Project object */;
}
